// !$*UTF8*$!
{
	archiveVersion = 1;
	classes = {
	};
	objectVersion = 46;
	objects = {

/* Begin PBXBuildFile section */
		C206350C197D4D8300B54607 /* HeadNodeHandler.swift in Sources */ = {isa = PBXBuildFile; fileRef = C206350B197D4D8300B54607 /* HeadNodeHandler.swift */; };
		C214E84D197BFA500028C773 /* hrtf.pd in Resources */ = {isa = PBXBuildFile; fileRef = C214E84C197BFA500028C773 /* hrtf.pd */; };
		C214E861197C00340028C773 /* OrzHrtfTildeCompatibility.mm in Sources */ = {isa = PBXBuildFile; fileRef = C214E860197C00340028C773 /* OrzHrtfTildeCompatibility.mm */; };
		C2181ADC19781B7400B87E3E /* PoseSingleton.swift in Sources */ = {isa = PBXBuildFile; fileRef = C2181ADB19781B7400B87E3E /* PoseSingleton.swift */; };
		C220082A1977F9F700AA31D1 /* Images.xcassets in Resources */ = {isa = PBXBuildFile; fileRef = C22008291977F9F700AA31D1 /* Images.xcassets */; };
		C2260A0A197948D10063E832 /* audio_test.pd in Resources */ = {isa = PBXBuildFile; fileRef = C2260A09197948D10063E832 /* audio_test.pd */; };
		C252B1641979053800A386A4 /* SourceNodeHandler.swift in Sources */ = {isa = PBXBuildFile; fileRef = C252B1631979053800A386A4 /* SourceNodeHandler.swift */; };
		C252B2A61979206B00A386A4 /* AudioController.swift in Sources */ = {isa = PBXBuildFile; fileRef = C252B2A51979206B00A386A4 /* AudioController.swift */; };
		C252B2CD197926C600A386A4 /* the_lord_has_spoken.wav in Resources */ = {isa = PBXBuildFile; fileRef = C252B2CC197926C600A386A4 /* the_lord_has_spoken.wav */; };
		C252B5A719792B9F00760AF1 /* AudioToolbox.framework in Frameworks */ = {isa = PBXBuildFile; fileRef = C252B5A619792B9F00760AF1 /* AudioToolbox.framework */; };
		C252B5A919792BA300760AF1 /* AVFoundation.framework in Frameworks */ = {isa = PBXBuildFile; fileRef = C252B5A819792BA300760AF1 /* AVFoundation.framework */; };
		C29E42FF197C0A1600163E4C /* hrtf_triplet.cpp in Sources */ = {isa = PBXBuildFile; fileRef = C29E42FA197C0A1600163E4C /* hrtf_triplet.cpp */; };
		C29E4300197C0A1600163E4C /* orz_hrtf~.cpp in Sources */ = {isa = PBXBuildFile; fileRef = C29E42FD197C0A1600163E4C /* orz_hrtf~.cpp */; };
		C2A05750197E6544007D44E2 /* MainViewController.swift in Sources */ = {isa = PBXBuildFile; fileRef = C2A0574F197E6544007D44E2 /* MainViewController.swift */; };
		C2A05755197E718F007D44E2 /* Localizable.strings in Resources */ = {isa = PBXBuildFile; fileRef = C2A05757197E718F007D44E2 /* Localizable.strings */; };
		C2AF70D9197EA2EF006C9756 /* AssetsLibrary.framework in Frameworks */ = {isa = PBXBuildFile; fileRef = C2AF70D8197EA2EF006C9756 /* AssetsLibrary.framework */; };
		C2AF70DE197EA38A006C9756 /* OpenCVExternalCompatiblity.mm in Sources */ = {isa = PBXBuildFile; fileRef = C2AF70DD197EA38A006C9756 /* OpenCVExternalCompatiblity.mm */; };
		C2B0D5871977FB1B00C1AA94 /* SourceScene.sks in Resources */ = {isa = PBXBuildFile; fileRef = C2B0D5861977FB1B00C1AA94 /* SourceScene.sks */; };
		C2B6A24719729ABD00643E96 /* AppDelegate.swift in Sources */ = {isa = PBXBuildFile; fileRef = C2B6A24619729ABD00643E96 /* AppDelegate.swift */; };
		C2B6A24B19729ABD00643E96 /* SourceScene.swift in Sources */ = {isa = PBXBuildFile; fileRef = C2B6A24A19729ABD00643E96 /* SourceScene.swift */; };
		C2B6A24D19729ABD00643E96 /* SourceViewController.swift in Sources */ = {isa = PBXBuildFile; fileRef = C2B6A24C19729ABD00643E96 /* SourceViewController.swift */; };
		C2B6A25019729ABD00643E96 /* Main.storyboard in Resources */ = {isa = PBXBuildFile; fileRef = C2B6A24E19729ABD00643E96 /* Main.storyboard */; };
		C2B6A25E19729ABE00643E96 /* i3DAudioTests.swift in Sources */ = {isa = PBXBuildFile; fileRef = C2B6A25D19729ABE00643E96 /* i3DAudioTests.swift */; };
		C2CD1ED0197E849700863382 /* libpd-ios.a in Frameworks */ = {isa = PBXBuildFile; fileRef = C2CD1ECD197E849100863382 /* libpd-ios.a */; };
		C2E86084197E9CFF00FCDFCB /* opencv2.framework in Frameworks */ = {isa = PBXBuildFile; fileRef = C2E86083197E9CFF00FCDFCB /* opencv2.framework */; };
		C2E86086197E9DFE00FCDFCB /* HeadViewController.swift in Sources */ = {isa = PBXBuildFile; fileRef = C2E86085197E9DFE00FCDFCB /* HeadViewController.swift */; };
/* End PBXBuildFile section */

/* Begin PBXContainerItemProxy section */
		C2B6A25819729ABE00643E96 /* PBXContainerItemProxy */ = {
			isa = PBXContainerItemProxy;
			containerPortal = C2B6A23919729ABD00643E96 /* Project object */;
			proxyType = 1;
			remoteGlobalIDString = C2B6A24019729ABD00643E96;
			remoteInfo = i3DAudio;
		};
		C2CD1ECC197E849100863382 /* PBXContainerItemProxy */ = {
			isa = PBXContainerItemProxy;
			containerPortal = C2CD1EC7197E849100863382 /* libpd.xcodeproj */;
			proxyType = 2;
			remoteGlobalIDString = D2AAC07E0554694100DB518D;
			remoteInfo = "libpd-ios";
		};
		C2CD1ECE197E849100863382 /* PBXContainerItemProxy */ = {
			isa = PBXContainerItemProxy;
			containerPortal = C2CD1EC7197E849100863382 /* libpd.xcodeproj */;
			proxyType = 2;
			remoteGlobalIDString = 119013AB1486450C00086F19;
			remoteInfo = "libpd-osx";
		};
		C2CD1ED1197E849D00863382 /* PBXContainerItemProxy */ = {
			isa = PBXContainerItemProxy;
			containerPortal = C2CD1EC7197E849100863382 /* libpd.xcodeproj */;
			proxyType = 1;
			remoteGlobalIDString = D2AAC07D0554694100DB518D;
			remoteInfo = "libpd-ios";
		};
/* End PBXContainerItemProxy section */

/* Begin PBXFileReference section */
		C206350B197D4D8300B54607 /* HeadNodeHandler.swift */ = {isa = PBXFileReference; fileEncoding = 4; lastKnownFileType = sourcecode.swift; path = HeadNodeHandler.swift; sourceTree = "<group>"; };
		C214E84C197BFA500028C773 /* hrtf.pd */ = {isa = PBXFileReference; fileEncoding = 4; lastKnownFileType = text; name = hrtf.pd; path = pd/hrtf.pd; sourceTree = "<group>"; };
		C214E85F197C00340028C773 /* OrzHrtfTildeCompatibility.h */ = {isa = PBXFileReference; explicitFileType = sourcecode.cpp.h; fileEncoding = 4; name = OrzHrtfTildeCompatibility.h; path = pd/OrzHrtfTildeCompatibility.h; sourceTree = "<group>"; };
		C214E860197C00340028C773 /* OrzHrtfTildeCompatibility.mm */ = {isa = PBXFileReference; fileEncoding = 4; lastKnownFileType = sourcecode.cpp.objcpp; name = OrzHrtfTildeCompatibility.mm; path = pd/OrzHrtfTildeCompatibility.mm; sourceTree = "<group>"; };
		C2181ADB19781B7400B87E3E /* PoseSingleton.swift */ = {isa = PBXFileReference; fileEncoding = 4; lastKnownFileType = sourcecode.swift; path = PoseSingleton.swift; sourceTree = "<group>"; };
		C22008291977F9F700AA31D1 /* Images.xcassets */ = {isa = PBXFileReference; lastKnownFileType = folder.assetcatalog; path = Images.xcassets; sourceTree = "<group>"; };
		C2260A09197948D10063E832 /* audio_test.pd */ = {isa = PBXFileReference; fileEncoding = 4; lastKnownFileType = text; name = audio_test.pd; path = pd/audio_test.pd; sourceTree = "<group>"; };
		C252B1631979053800A386A4 /* SourceNodeHandler.swift */ = {isa = PBXFileReference; fileEncoding = 4; lastKnownFileType = sourcecode.swift; path = SourceNodeHandler.swift; sourceTree = "<group>"; };
		C252B2A51979206B00A386A4 /* AudioController.swift */ = {isa = PBXFileReference; fileEncoding = 4; lastKnownFileType = sourcecode.swift; path = AudioController.swift; sourceTree = "<group>"; };
		C252B2C81979235D00A386A4 /* i3DAudio-Bridging-Header.h */ = {isa = PBXFileReference; lastKnownFileType = sourcecode.c.h; path = "i3DAudio-Bridging-Header.h"; sourceTree = "<group>"; };
		C252B2CC197926C600A386A4 /* the_lord_has_spoken.wav */ = {isa = PBXFileReference; lastKnownFileType = audio.wav; name = the_lord_has_spoken.wav; path = ../../samples/the_lord_has_spoken.wav; sourceTree = "<group>"; };
		C252B5A619792B9F00760AF1 /* AudioToolbox.framework */ = {isa = PBXFileReference; lastKnownFileType = wrapper.framework; name = AudioToolbox.framework; path = System/Library/Frameworks/AudioToolbox.framework; sourceTree = SDKROOT; };
		C252B5A819792BA300760AF1 /* AVFoundation.framework */ = {isa = PBXFileReference; lastKnownFileType = wrapper.framework; name = AVFoundation.framework; path = System/Library/Frameworks/AVFoundation.framework; sourceTree = SDKROOT; };
		C29E42F9197C0A1600163E4C /* hrtf_data.hpp */ = {isa = PBXFileReference; fileEncoding = 4; lastKnownFileType = sourcecode.cpp.h; name = hrtf_data.hpp; path = ../../puredata_src/hrtf_data.hpp; sourceTree = "<group>"; };
		C29E42FA197C0A1600163E4C /* hrtf_triplet.cpp */ = {isa = PBXFileReference; fileEncoding = 4; lastKnownFileType = sourcecode.cpp.cpp; name = hrtf_triplet.cpp; path = ../../puredata_src/hrtf_triplet.cpp; sourceTree = "<group>"; };
		C29E42FB197C0A1600163E4C /* hrtf_triplet.hpp */ = {isa = PBXFileReference; fileEncoding = 4; lastKnownFileType = sourcecode.cpp.h; name = hrtf_triplet.hpp; path = ../../puredata_src/hrtf_triplet.hpp; sourceTree = "<group>"; };
		C29E42FC197C0A1600163E4C /* kemar_parameters.hpp */ = {isa = PBXFileReference; fileEncoding = 4; lastKnownFileType = sourcecode.cpp.h; name = kemar_parameters.hpp; path = ../../puredata_src/kemar_parameters.hpp; sourceTree = "<group>"; };
		C29E42FD197C0A1600163E4C /* orz_hrtf~.cpp */ = {isa = PBXFileReference; fileEncoding = 4; lastKnownFileType = sourcecode.cpp.cpp; name = "orz_hrtf~.cpp"; path = "../../puredata_src/orz_hrtf~.cpp"; sourceTree = "<group>"; };
		C29E42FE197C0A1600163E4C /* orz_hrtf~.hpp */ = {isa = PBXFileReference; fileEncoding = 4; lastKnownFileType = sourcecode.cpp.h; name = "orz_hrtf~.hpp"; path = "../../puredata_src/orz_hrtf~.hpp"; sourceTree = "<group>"; };
		C2A0574F197E6544007D44E2 /* MainViewController.swift */ = {isa = PBXFileReference; fileEncoding = 4; lastKnownFileType = sourcecode.swift; path = MainViewController.swift; sourceTree = "<group>"; };
		C2A05752197E6CF3007D44E2 /* en */ = {isa = PBXFileReference; lastKnownFileType = text.plist.strings; name = en; path = en.lproj/Main.strings; sourceTree = "<group>"; };
		C2A05758197E7196007D44E2 /* it */ = {isa = PBXFileReference; lastKnownFileType = text.plist.strings; name = it; path = it.lproj/Localizable.strings; sourceTree = "<group>"; };
		C2A0575A197E71AD007D44E2 /* en */ = {isa = PBXFileReference; lastKnownFileType = text.plist.strings; name = en; path = en.lproj/Localizable.strings; sourceTree = "<group>"; };
		C2AF70D8197EA2EF006C9756 /* AssetsLibrary.framework */ = {isa = PBXFileReference; lastKnownFileType = wrapper.framework; name = AssetsLibrary.framework; path = System/Library/Frameworks/AssetsLibrary.framework; sourceTree = SDKROOT; };
		C2AF70DD197EA38A006C9756 /* OpenCVExternalCompatiblity.mm */ = {isa = PBXFileReference; fileEncoding = 4; lastKnownFileType = sourcecode.cpp.objcpp; name = OpenCVExternalCompatiblity.mm; path = cv/OpenCVExternalCompatiblity.mm; sourceTree = "<group>"; };
		C2B0D5861977FB1B00C1AA94 /* SourceScene.sks */ = {isa = PBXFileReference; lastKnownFileType = file.sks; path = SourceScene.sks; sourceTree = "<group>"; };
		C2B6A24119729ABD00643E96 /* i3DAudio.app */ = {isa = PBXFileReference; explicitFileType = wrapper.application; includeInIndex = 0; path = i3DAudio.app; sourceTree = BUILT_PRODUCTS_DIR; };
		C2B6A24519729ABD00643E96 /* Info.plist */ = {isa = PBXFileReference; lastKnownFileType = text.plist.xml; path = Info.plist; sourceTree = "<group>"; };
		C2B6A24619729ABD00643E96 /* AppDelegate.swift */ = {isa = PBXFileReference; lastKnownFileType = sourcecode.swift; path = AppDelegate.swift; sourceTree = "<group>"; };
		C2B6A24A19729ABD00643E96 /* SourceScene.swift */ = {isa = PBXFileReference; lastKnownFileType = sourcecode.swift; path = SourceScene.swift; sourceTree = "<group>"; };
		C2B6A24C19729ABD00643E96 /* SourceViewController.swift */ = {isa = PBXFileReference; lastKnownFileType = sourcecode.swift; path = SourceViewController.swift; sourceTree = "<group>"; };
		C2B6A24F19729ABD00643E96 /* Base */ = {isa = PBXFileReference; lastKnownFileType = file.storyboard; name = Base; path = Base.lproj/Main.storyboard; sourceTree = "<group>"; };
		C2B6A25719729ABE00643E96 /* i3DAudioTests.xctest */ = {isa = PBXFileReference; explicitFileType = wrapper.cfbundle; includeInIndex = 0; path = i3DAudioTests.xctest; sourceTree = BUILT_PRODUCTS_DIR; };
		C2B6A25C19729ABE00643E96 /* Info.plist */ = {isa = PBXFileReference; lastKnownFileType = text.plist.xml; path = Info.plist; sourceTree = "<group>"; };
		C2B6A25D19729ABE00643E96 /* i3DAudioTests.swift */ = {isa = PBXFileReference; lastKnownFileType = sourcecode.swift; path = i3DAudioTests.swift; sourceTree = "<group>"; };
		C2C64B3F197EA49500AF7B99 /* OpenCVExternalCompatibility.h */ = {isa = PBXFileReference; fileEncoding = 4; lastKnownFileType = sourcecode.c.h; name = OpenCVExternalCompatibility.h; path = cv/OpenCVExternalCompatibility.h; sourceTree = "<group>"; };
		C2CD1EC7197E849100863382 /* libpd.xcodeproj */ = {isa = PBXFileReference; lastKnownFileType = "wrapper.pb-project"; name = libpd.xcodeproj; path = libpd/libpd.xcodeproj; sourceTree = "<group>"; };
		C2E86083197E9CFF00FCDFCB /* opencv2.framework */ = {isa = PBXFileReference; lastKnownFileType = wrapper.framework; path = opencv2.framework; sourceTree = "<group>"; };
		C2E86085197E9DFE00FCDFCB /* HeadViewController.swift */ = {isa = PBXFileReference; fileEncoding = 4; lastKnownFileType = sourcecode.swift; path = HeadViewController.swift; sourceTree = "<group>"; };
		C2FE5231197E5A3900F7BE4A /* it */ = {isa = PBXFileReference; lastKnownFileType = text.plist.strings; name = it; path = it.lproj/Main.strings; sourceTree = "<group>"; };
/* End PBXFileReference section */

/* Begin PBXFrameworksBuildPhase section */
		C2B6A23E19729ABD00643E96 /* Frameworks */ = {
			isa = PBXFrameworksBuildPhase;
			buildActionMask = 2147483647;
			files = (
				C2AF70D9197EA2EF006C9756 /* AssetsLibrary.framework in Frameworks */,
				C2CD1ED0197E849700863382 /* libpd-ios.a in Frameworks */,
				C252B5A919792BA300760AF1 /* AVFoundation.framework in Frameworks */,
				C252B5A719792B9F00760AF1 /* AudioToolbox.framework in Frameworks */,
				C2E86084197E9CFF00FCDFCB /* opencv2.framework in Frameworks */,
			);
			runOnlyForDeploymentPostprocessing = 0;
		};
		C2B6A25419729ABE00643E96 /* Frameworks */ = {
			isa = PBXFrameworksBuildPhase;
			buildActionMask = 2147483647;
			files = (
			);
			runOnlyForDeploymentPostprocessing = 0;
		};
/* End PBXFrameworksBuildPhase section */

/* Begin PBXGroup section */
		C214E84F197BFACE0028C773 /* PD external */ = {
			isa = PBXGroup;
			children = (
				C29E42F9197C0A1600163E4C /* hrtf_data.hpp */,
				C29E42FA197C0A1600163E4C /* hrtf_triplet.cpp */,
				C29E42FB197C0A1600163E4C /* hrtf_triplet.hpp */,
				C29E42FC197C0A1600163E4C /* kemar_parameters.hpp */,
				C29E42FD197C0A1600163E4C /* orz_hrtf~.cpp */,
				C29E42FE197C0A1600163E4C /* orz_hrtf~.hpp */,
				C214E85F197C00340028C773 /* OrzHrtfTildeCompatibility.h */,
				C214E860197C00340028C773 /* OrzHrtfTildeCompatibility.mm */,
			);
			name = "PD external";
			sourceTree = "<group>";
		};
		C2618593197D48190010E9DB /* Frameworks */ = {
			isa = PBXGroup;
			children = (
				C2AF70D8197EA2EF006C9756 /* AssetsLibrary.framework */,
				C2E86083197E9CFF00FCDFCB /* opencv2.framework */,
				C2CD1EC7197E849100863382 /* libpd.xcodeproj */,
				C252B5A819792BA300760AF1 /* AVFoundation.framework */,
				C252B5A619792B9F00760AF1 /* AudioToolbox.framework */,
			);
			name = Frameworks;
			sourceTree = "<group>";
		};
		C2B6A23819729ABD00643E96 = {
			isa = PBXGroup;
			children = (
				C2618593197D48190010E9DB /* Frameworks */,
				C2B6A24319729ABD00643E96 /* i3DAudio */,
				C2B6A25A19729ABE00643E96 /* i3DAudioTests */,
				C2B6A24219729ABD00643E96 /* Products */,
			);
			sourceTree = "<group>";
		};
		C2B6A24219729ABD00643E96 /* Products */ = {
			isa = PBXGroup;
			children = (
				C2B6A24119729ABD00643E96 /* i3DAudio.app */,
				C2B6A25719729ABE00643E96 /* i3DAudioTests.xctest */,
			);
			name = Products;
			sourceTree = "<group>";
		};
		C2B6A24319729ABD00643E96 /* i3DAudio */ = {
			isa = PBXGroup;
			children = (
				C214E84F197BFACE0028C773 /* PD external */,
				C2E86087197E9E2400FCDFCB /* OpenCV external */,
				C2B6A24619729ABD00643E96 /* AppDelegate.swift */,
				C2B0D5861977FB1B00C1AA94 /* SourceScene.sks */,
				C2181ADB19781B7400B87E3E /* PoseSingleton.swift */,
				C2A05757197E718F007D44E2 /* Localizable.strings */,
				C252B1631979053800A386A4 /* SourceNodeHandler.swift */,
				C206350B197D4D8300B54607 /* HeadNodeHandler.swift */,
				C2B6A24A19729ABD00643E96 /* SourceScene.swift */,
				C252B2A51979206B00A386A4 /* AudioController.swift */,
				C2E86085197E9DFE00FCDFCB /* HeadViewController.swift */,
				C2A0574F197E6544007D44E2 /* MainViewController.swift */,
				C2B6A24C19729ABD00643E96 /* SourceViewController.swift */,
				C2B6A24E19729ABD00643E96 /* Main.storyboard */,
				C22008291977F9F700AA31D1 /* Images.xcassets */,
				C2B6A24419729ABD00643E96 /* Supporting Files */,
				C252B2C81979235D00A386A4 /* i3DAudio-Bridging-Header.h */,
			);
			path = i3DAudio;
			sourceTree = "<group>";
		};
		C2B6A24419729ABD00643E96 /* Supporting Files */ = {
			isa = PBXGroup;
			children = (
				C214E84C197BFA500028C773 /* hrtf.pd */,
				C2260A09197948D10063E832 /* audio_test.pd */,
				C252B2CC197926C600A386A4 /* the_lord_has_spoken.wav */,
				C2B6A24519729ABD00643E96 /* Info.plist */,
			);
			name = "Supporting Files";
			sourceTree = "<group>";
		};
		C2B6A25A19729ABE00643E96 /* i3DAudioTests */ = {
			isa = PBXGroup;
			children = (
				C2B6A25D19729ABE00643E96 /* i3DAudioTests.swift */,
				C2B6A25B19729ABE00643E96 /* Supporting Files */,
			);
			path = i3DAudioTests;
			sourceTree = "<group>";
		};
		C2B6A25B19729ABE00643E96 /* Supporting Files */ = {
			isa = PBXGroup;
			children = (
				C2B6A25C19729ABE00643E96 /* Info.plist */,
			);
			name = "Supporting Files";
			sourceTree = "<group>";
		};
		C2CD1EC8197E849100863382 /* Products */ = {
			isa = PBXGroup;
			children = (
				C2CD1ECD197E849100863382 /* libpd-ios.a */,
				C2CD1ECF197E849100863382 /* libpd-osx.a */,
			);
			name = Products;
			sourceTree = "<group>";
		};
		C2E86087197E9E2400FCDFCB /* OpenCV external */ = {
			isa = PBXGroup;
			children = (
				C2C64B3F197EA49500AF7B99 /* OpenCVExternalCompatibility.h */,
				C2AF70DD197EA38A006C9756 /* OpenCVExternalCompatiblity.mm */,
			);
			name = "OpenCV external";
			sourceTree = "<group>";
		};
/* End PBXGroup section */

/* Begin PBXNativeTarget section */
		C2B6A24019729ABD00643E96 /* i3DAudio */ = {
			isa = PBXNativeTarget;
			buildConfigurationList = C2B6A26119729ABE00643E96 /* Build configuration list for PBXNativeTarget "i3DAudio" */;
			buildPhases = (
				C2B6A23D19729ABD00643E96 /* Sources */,
				C2B6A23E19729ABD00643E96 /* Frameworks */,
				C2B6A23F19729ABD00643E96 /* Resources */,
			);
			buildRules = (
			);
			dependencies = (
				C2CD1ED2197E849D00863382 /* PBXTargetDependency */,
			);
			name = i3DAudio;
			productName = i3DAudio;
			productReference = C2B6A24119729ABD00643E96 /* i3DAudio.app */;
			productType = "com.apple.product-type.application";
		};
		C2B6A25619729ABE00643E96 /* i3DAudioTests */ = {
			isa = PBXNativeTarget;
			buildConfigurationList = C2B6A26419729ABE00643E96 /* Build configuration list for PBXNativeTarget "i3DAudioTests" */;
			buildPhases = (
				C2B6A25319729ABE00643E96 /* Sources */,
				C2B6A25419729ABE00643E96 /* Frameworks */,
				C2B6A25519729ABE00643E96 /* Resources */,
			);
			buildRules = (
			);
			dependencies = (
				C2B6A25919729ABE00643E96 /* PBXTargetDependency */,
			);
			name = i3DAudioTests;
			productName = i3DAudioTests;
			productReference = C2B6A25719729ABE00643E96 /* i3DAudioTests.xctest */;
			productType = "com.apple.product-type.bundle.unit-test";
		};
/* End PBXNativeTarget section */

/* Begin PBXProject section */
		C2B6A23919729ABD00643E96 /* Project object */ = {
			isa = PBXProject;
			attributes = {
				LastUpgradeCheck = 0600;
				ORGANIZATIONNAME = MORZorg;
				TargetAttributes = {
					C2B6A24019729ABD00643E96 = {
						CreatedOnToolsVersion = 6.0;
					};
					C2B6A25619729ABE00643E96 = {
						CreatedOnToolsVersion = 6.0;
						TestTargetID = C2B6A24019729ABD00643E96;
					};
				};
			};
			buildConfigurationList = C2B6A23C19729ABD00643E96 /* Build configuration list for PBXProject "i3DAudio" */;
			compatibilityVersion = "Xcode 3.2";
			developmentRegion = English;
			hasScannedForEncodings = 0;
			knownRegions = (
				Base,
				it,
				en,
			);
			mainGroup = C2B6A23819729ABD00643E96;
			productRefGroup = C2B6A24219729ABD00643E96 /* Products */;
			projectDirPath = "";
			projectReferences = (
				{
					ProductGroup = C2CD1EC8197E849100863382 /* Products */;
					ProjectRef = C2CD1EC7197E849100863382 /* libpd.xcodeproj */;
				},
			);
			projectRoot = "";
			targets = (
				C2B6A24019729ABD00643E96 /* i3DAudio */,
				C2B6A25619729ABE00643E96 /* i3DAudioTests */,
			);
		};
/* End PBXProject section */

/* Begin PBXReferenceProxy section */
		C2CD1ECD197E849100863382 /* libpd-ios.a */ = {
			isa = PBXReferenceProxy;
			fileType = archive.ar;
			path = "libpd-ios.a";
			remoteRef = C2CD1ECC197E849100863382 /* PBXContainerItemProxy */;
			sourceTree = BUILT_PRODUCTS_DIR;
		};
		C2CD1ECF197E849100863382 /* libpd-osx.a */ = {
			isa = PBXReferenceProxy;
			fileType = archive.ar;
			path = "libpd-osx.a";
			remoteRef = C2CD1ECE197E849100863382 /* PBXContainerItemProxy */;
			sourceTree = BUILT_PRODUCTS_DIR;
		};
/* End PBXReferenceProxy section */

/* Begin PBXResourcesBuildPhase section */
		C2B6A23F19729ABD00643E96 /* Resources */ = {
			isa = PBXResourcesBuildPhase;
			buildActionMask = 2147483647;
			files = (
				C2260A0A197948D10063E832 /* audio_test.pd in Resources */,
				C252B2CD197926C600A386A4 /* the_lord_has_spoken.wav in Resources */,
				C220082A1977F9F700AA31D1 /* Images.xcassets in Resources */,
				C2A05755197E718F007D44E2 /* Localizable.strings in Resources */,
				C214E84D197BFA500028C773 /* hrtf.pd in Resources */,
				C2B0D5871977FB1B00C1AA94 /* SourceScene.sks in Resources */,
				C2B6A25019729ABD00643E96 /* Main.storyboard in Resources */,
			);
			runOnlyForDeploymentPostprocessing = 0;
		};
		C2B6A25519729ABE00643E96 /* Resources */ = {
			isa = PBXResourcesBuildPhase;
			buildActionMask = 2147483647;
			files = (
			);
			runOnlyForDeploymentPostprocessing = 0;
		};
/* End PBXResourcesBuildPhase section */

/* Begin PBXSourcesBuildPhase section */
		C2B6A23D19729ABD00643E96 /* Sources */ = {
			isa = PBXSourcesBuildPhase;
			buildActionMask = 2147483647;
			files = (
				C2E86086197E9DFE00FCDFCB /* HeadViewController.swift in Sources */,
				C29E4300197C0A1600163E4C /* orz_hrtf~.cpp in Sources */,
				C2A05750197E6544007D44E2 /* MainViewController.swift in Sources */,
				C29E42FF197C0A1600163E4C /* hrtf_triplet.cpp in Sources */,
				C2B6A24B19729ABD00643E96 /* SourceScene.swift in Sources */,
				C252B1641979053800A386A4 /* SourceNodeHandler.swift in Sources */,
				C2B6A24D19729ABD00643E96 /* SourceViewController.swift in Sources */,
				C2181ADC19781B7400B87E3E /* PoseSingleton.swift in Sources */,
				C2AF70DE197EA38A006C9756 /* OpenCVExternalCompatiblity.mm in Sources */,
				C252B2A61979206B00A386A4 /* AudioController.swift in Sources */,
				C2B6A24719729ABD00643E96 /* AppDelegate.swift in Sources */,
				C206350C197D4D8300B54607 /* HeadNodeHandler.swift in Sources */,
				C214E861197C00340028C773 /* OrzHrtfTildeCompatibility.mm in Sources */,
			);
			runOnlyForDeploymentPostprocessing = 0;
		};
		C2B6A25319729ABE00643E96 /* Sources */ = {
			isa = PBXSourcesBuildPhase;
			buildActionMask = 2147483647;
			files = (
				C2B6A25E19729ABE00643E96 /* i3DAudioTests.swift in Sources */,
			);
			runOnlyForDeploymentPostprocessing = 0;
		};
/* End PBXSourcesBuildPhase section */

/* Begin PBXTargetDependency section */
		C2B6A25919729ABE00643E96 /* PBXTargetDependency */ = {
			isa = PBXTargetDependency;
			target = C2B6A24019729ABD00643E96 /* i3DAudio */;
			targetProxy = C2B6A25819729ABE00643E96 /* PBXContainerItemProxy */;
		};
		C2CD1ED2197E849D00863382 /* PBXTargetDependency */ = {
			isa = PBXTargetDependency;
			name = "libpd-ios";
			targetProxy = C2CD1ED1197E849D00863382 /* PBXContainerItemProxy */;
		};
/* End PBXTargetDependency section */

/* Begin PBXVariantGroup section */
		C2A05757197E718F007D44E2 /* Localizable.strings */ = {
			isa = PBXVariantGroup;
			children = (
				C2A05758197E7196007D44E2 /* it */,
				C2A0575A197E71AD007D44E2 /* en */,
			);
			name = Localizable.strings;
			sourceTree = "<group>";
		};
		C2B6A24E19729ABD00643E96 /* Main.storyboard */ = {
			isa = PBXVariantGroup;
			children = (
				C2B6A24F19729ABD00643E96 /* Base */,
				C2FE5231197E5A3900F7BE4A /* it */,
				C2A05752197E6CF3007D44E2 /* en */,
			);
			name = Main.storyboard;
			sourceTree = "<group>";
		};
/* End PBXVariantGroup section */

/* Begin XCBuildConfiguration section */
		C2B6A25F19729ABE00643E96 /* Debug */ = {
			isa = XCBuildConfiguration;
			buildSettings = {
				ALWAYS_SEARCH_USER_PATHS = NO;
				CLANG_CXX_LANGUAGE_STANDARD = "gnu++0x";
				CLANG_CXX_LIBRARY = "libc++";
				CLANG_ENABLE_MODULES = YES;
				CLANG_ENABLE_OBJC_ARC = YES;
				CLANG_WARN_BOOL_CONVERSION = YES;
				CLANG_WARN_CONSTANT_CONVERSION = YES;
				CLANG_WARN_DIRECT_OBJC_ISA_USAGE = YES_ERROR;
				CLANG_WARN_EMPTY_BODY = YES;
				CLANG_WARN_ENUM_CONVERSION = YES;
				CLANG_WARN_INT_CONVERSION = YES;
				CLANG_WARN_OBJC_ROOT_CLASS = YES_ERROR;
				CLANG_WARN_UNREACHABLE_CODE = YES;
				CLANG_WARN__DUPLICATE_METHOD_MATCH = YES;
				"CODE_SIGN_IDENTITY[sdk=iphoneos*]" = "iPhone Developer";
				COPY_PHASE_STRIP = NO;
				ENABLE_STRICT_OBJC_MSGSEND = YES;
				GCC_C_LANGUAGE_STANDARD = gnu99;
				GCC_DYNAMIC_NO_PIC = NO;
				GCC_OPTIMIZATION_LEVEL = 0;
				GCC_PREPROCESSOR_DEFINITIONS = (
					"DEBUG=1",
					"$(inherited)",
				);
				GCC_SYMBOLS_PRIVATE_EXTERN = NO;
				GCC_WARN_64_TO_32_BIT_CONVERSION = YES;
				GCC_WARN_ABOUT_RETURN_TYPE = YES_ERROR;
				GCC_WARN_UNDECLARED_SELECTOR = YES;
				GCC_WARN_UNINITIALIZED_AUTOS = YES_AGGRESSIVE;
				GCC_WARN_UNUSED_FUNCTION = YES;
				GCC_WARN_UNUSED_VARIABLE = YES;
				IPHONEOS_DEPLOYMENT_TARGET = 8.0;
				MTL_ENABLE_DEBUG_INFO = YES;
				ONLY_ACTIVE_ARCH = YES;
				SDKROOT = iphoneos;
				SWIFT_OPTIMIZATION_LEVEL = "-Onone";
				TARGETED_DEVICE_FAMILY = 2;
			};
			name = Debug;
		};
		C2B6A26019729ABE00643E96 /* Release */ = {
			isa = XCBuildConfiguration;
			buildSettings = {
				ALWAYS_SEARCH_USER_PATHS = NO;
				CLANG_CXX_LANGUAGE_STANDARD = "gnu++0x";
				CLANG_CXX_LIBRARY = "libc++";
				CLANG_ENABLE_MODULES = YES;
				CLANG_ENABLE_OBJC_ARC = YES;
				CLANG_WARN_BOOL_CONVERSION = YES;
				CLANG_WARN_CONSTANT_CONVERSION = YES;
				CLANG_WARN_DIRECT_OBJC_ISA_USAGE = YES_ERROR;
				CLANG_WARN_EMPTY_BODY = YES;
				CLANG_WARN_ENUM_CONVERSION = YES;
				CLANG_WARN_INT_CONVERSION = YES;
				CLANG_WARN_OBJC_ROOT_CLASS = YES_ERROR;
				CLANG_WARN_UNREACHABLE_CODE = YES;
				CLANG_WARN__DUPLICATE_METHOD_MATCH = YES;
				"CODE_SIGN_IDENTITY[sdk=iphoneos*]" = "iPhone Developer";
				COPY_PHASE_STRIP = YES;
				ENABLE_NS_ASSERTIONS = NO;
				ENABLE_STRICT_OBJC_MSGSEND = YES;
				GCC_C_LANGUAGE_STANDARD = gnu99;
				GCC_WARN_64_TO_32_BIT_CONVERSION = YES;
				GCC_WARN_ABOUT_RETURN_TYPE = YES_ERROR;
				GCC_WARN_UNDECLARED_SELECTOR = YES;
				GCC_WARN_UNINITIALIZED_AUTOS = YES_AGGRESSIVE;
				GCC_WARN_UNUSED_FUNCTION = YES;
				GCC_WARN_UNUSED_VARIABLE = YES;
				IPHONEOS_DEPLOYMENT_TARGET = 8.0;
				MTL_ENABLE_DEBUG_INFO = NO;
				SDKROOT = iphoneos;
				TARGETED_DEVICE_FAMILY = 2;
				VALIDATE_PRODUCT = YES;
			};
			name = Release;
		};
		C2B6A26219729ABE00643E96 /* Debug */ = {
			isa = XCBuildConfiguration;
			buildSettings = {
				ALWAYS_SEARCH_USER_PATHS = YES;
				ASSETCATALOG_COMPILER_APPICON_NAME = AppIcon;
				ASSETCATALOG_COMPILER_LAUNCHIMAGE_NAME = LaunchImage;
				CLANG_ENABLE_MODULES = YES;
				FRAMEWORK_SEARCH_PATHS = (
					"$(inherited)",
					"$(PROJECT_DIR)",
				);
				INFOPLIST_FILE = i3DAudio/Info.plist;
				LD_RUNPATH_SEARCH_PATHS = "$(inherited) @executable_path/Frameworks";
				PRODUCT_NAME = "$(TARGET_NAME)";
				SWIFT_OBJC_BRIDGING_HEADER = "i3DAudio/i3DAudio-Bridging-Header.h";
				SWIFT_OPTIMIZATION_LEVEL = "-Onone";
				TARGETED_DEVICE_FAMILY = "1,2";
				USER_HEADER_SEARCH_PATHS = "libpd/objc/** libpd/pure-data/**";
			};
			name = Debug;
		};
		C2B6A26319729ABE00643E96 /* Release */ = {
			isa = XCBuildConfiguration;
			buildSettings = {
				ALWAYS_SEARCH_USER_PATHS = YES;
				ASSETCATALOG_COMPILER_APPICON_NAME = AppIcon;
				ASSETCATALOG_COMPILER_LAUNCHIMAGE_NAME = LaunchImage;
				CLANG_ENABLE_MODULES = YES;
				FRAMEWORK_SEARCH_PATHS = (
					"$(inherited)",
					"$(PROJECT_DIR)",
				);
				INFOPLIST_FILE = i3DAudio/Info.plist;
				LD_RUNPATH_SEARCH_PATHS = "$(inherited) @executable_path/Frameworks";
				PRODUCT_NAME = "$(TARGET_NAME)";
				SWIFT_OBJC_BRIDGING_HEADER = "i3DAudio/i3DAudio-Bridging-Header.h";
				TARGETED_DEVICE_FAMILY = "1,2";
				USER_HEADER_SEARCH_PATHS = "libpd/objc/** libpd/pure-data/**";
			};
			name = Release;
		};
		C2B6A26519729ABE00643E96 /* Debug */ = {
			isa = XCBuildConfiguration;
			buildSettings = {
				BUNDLE_LOADER = "$(BUILT_PRODUCTS_DIR)/i3DAudio.app/i3DAudio";
				FRAMEWORK_SEARCH_PATHS = (
					"$(SDKROOT)/Developer/Library/Frameworks",
					"$(inherited)",
				);
				GCC_PREPROCESSOR_DEFINITIONS = (
					"DEBUG=1",
					"$(inherited)",
				);
				INFOPLIST_FILE = i3DAudioTests/Info.plist;
				LD_RUNPATH_SEARCH_PATHS = "$(inherited) @executable_path/Frameworks @loader_path/Frameworks";
				PRODUCT_NAME = "$(TARGET_NAME)";
				TEST_HOST = "$(BUNDLE_LOADER)";
			};
			name = Debug;
		};
		C2B6A26619729ABE00643E96 /* Release */ = {
			isa = XCBuildConfiguration;
			buildSettings = {
				BUNDLE_LOADER = "$(BUILT_PRODUCTS_DIR)/i3DAudio.app/i3DAudio";
				FRAMEWORK_SEARCH_PATHS = (
					"$(SDKROOT)/Developer/Library/Frameworks",
					"$(inherited)",
				);
				INFOPLIST_FILE = i3DAudioTests/Info.plist;
				LD_RUNPATH_SEARCH_PATHS = "$(inherited) @executable_path/Frameworks @loader_path/Frameworks";
				PRODUCT_NAME = "$(TARGET_NAME)";
				TEST_HOST = "$(BUNDLE_LOADER)";
			};
			name = Release;
		};
/* End XCBuildConfiguration section */

/* Begin XCConfigurationList section */
		C2B6A23C19729ABD00643E96 /* Build configuration list for PBXProject "i3DAudio" */ = {
			isa = XCConfigurationList;
			buildConfigurations = (
				C2B6A25F19729ABE00643E96 /* Debug */,
				C2B6A26019729ABE00643E96 /* Release */,
			);
			defaultConfigurationIsVisible = 0;
			defaultConfigurationName = Release;
		};
		C2B6A26119729ABE00643E96 /* Build configuration list for PBXNativeTarget "i3DAudio" */ = {
			isa = XCConfigurationList;
			buildConfigurations = (
				C2B6A26219729ABE00643E96 /* Debug */,
				C2B6A26319729ABE00643E96 /* Release */,
			);
			defaultConfigurationIsVisible = 0;
			defaultConfigurationName = Release;
		};
		C2B6A26419729ABE00643E96 /* Build configuration list for PBXNativeTarget "i3DAudioTests" */ = {
			isa = XCConfigurationList;
			buildConfigurations = (
				C2B6A26519729ABE00643E96 /* Debug */,
				C2B6A26619729ABE00643E96 /* Release */,
			);
			defaultConfigurationIsVisible = 0;
			defaultConfigurationName = Release;
		};
/* End XCConfigurationList section */
	};
	rootObject = C2B6A23919729ABD00643E96 /* Project object */;
}
