// !$*UTF8*$!
{
	archiveVersion = 1;
	classes = {
	};
	objectVersion = 46;
	objects = {

/* Begin PBXBuildFile section */
		C2181ADC19781B7400B87E3E /* SourceData.swift in Sources */ = {isa = PBXBuildFile; fileRef = C2181ADB19781B7400B87E3E /* SourceData.swift */; };
		C220082A1977F9F700AA31D1 /* Images.xcassets in Resources */ = {isa = PBXBuildFile; fileRef = C22008291977F9F700AA31D1 /* Images.xcassets */; };
		C2260A0A197948D10063E832 /* audio_test.pd in Resources */ = {isa = PBXBuildFile; fileRef = C2260A09197948D10063E832 /* audio_test.pd */; };
		C252B1641979053800A386A4 /* SourceNodeHandler.swift in Sources */ = {isa = PBXBuildFile; fileRef = C252B1631979053800A386A4 /* SourceNodeHandler.swift */; };
		C252B2A61979206B00A386A4 /* AudioController.swift in Sources */ = {isa = PBXBuildFile; fileRef = C252B2A51979206B00A386A4 /* AudioController.swift */; };
		C252B2CD197926C600A386A4 /* the_lord_has_spoken.wav in Resources */ = {isa = PBXBuildFile; fileRef = C252B2CC197926C600A386A4 /* the_lord_has_spoken.wav */; };
		C252B5A719792B9F00760AF1 /* AudioToolbox.framework in Frameworks */ = {isa = PBXBuildFile; fileRef = C252B5A619792B9F00760AF1 /* AudioToolbox.framework */; };
		C252B5A919792BA300760AF1 /* AVFoundation.framework in Frameworks */ = {isa = PBXBuildFile; fileRef = C252B5A819792BA300760AF1 /* AVFoundation.framework */; };
		C2B0D5871977FB1B00C1AA94 /* SourceScene.sks in Resources */ = {isa = PBXBuildFile; fileRef = C2B0D5861977FB1B00C1AA94 /* SourceScene.sks */; };
		C2B6A24719729ABD00643E96 /* AppDelegate.swift in Sources */ = {isa = PBXBuildFile; fileRef = C2B6A24619729ABD00643E96 /* AppDelegate.swift */; };
		C2B6A24B19729ABD00643E96 /* SourceScene.swift in Sources */ = {isa = PBXBuildFile; fileRef = C2B6A24A19729ABD00643E96 /* SourceScene.swift */; };
		C2B6A24D19729ABD00643E96 /* SourceViewController.swift in Sources */ = {isa = PBXBuildFile; fileRef = C2B6A24C19729ABD00643E96 /* SourceViewController.swift */; };
		C2B6A25019729ABD00643E96 /* Main.storyboard in Resources */ = {isa = PBXBuildFile; fileRef = C2B6A24E19729ABD00643E96 /* Main.storyboard */; };
		C2B6A25E19729ABE00643E96 /* i3DAudioTests.swift in Sources */ = {isa = PBXBuildFile; fileRef = C2B6A25D19729ABE00643E96 /* i3DAudioTests.swift */; };
		C2F7ED0C197BCCF1006CB0BC /* libpd-ios.a in Frameworks */ = {isa = PBXBuildFile; fileRef = C252B59C19792B3A00760AF1 /* libpd-ios.a */; };
/* End PBXBuildFile section */

/* Begin PBXContainerItemProxy section */
		C252B59B19792B3A00760AF1 /* PBXContainerItemProxy */ = {
			isa = PBXContainerItemProxy;
			containerPortal = C252B59619792B3A00760AF1 /* libpd.xcodeproj */;
			proxyType = 2;
			remoteGlobalIDString = D2AAC07E0554694100DB518D;
			remoteInfo = "libpd-ios";
		};
		C252B59D19792B3A00760AF1 /* PBXContainerItemProxy */ = {
			isa = PBXContainerItemProxy;
			containerPortal = C252B59619792B3A00760AF1 /* libpd.xcodeproj */;
			proxyType = 2;
			remoteGlobalIDString = 119013AB1486450C00086F19;
			remoteInfo = "libpd-osx";
		};
		C252B59F19792B4100760AF1 /* PBXContainerItemProxy */ = {
			isa = PBXContainerItemProxy;
			containerPortal = C252B59619792B3A00760AF1 /* libpd.xcodeproj */;
			proxyType = 1;
			remoteGlobalIDString = D2AAC07D0554694100DB518D;
			remoteInfo = "libpd-ios";
		};
		C2B6A25819729ABE00643E96 /* PBXContainerItemProxy */ = {
			isa = PBXContainerItemProxy;
			containerPortal = C2B6A23919729ABD00643E96 /* Project object */;
			proxyType = 1;
			remoteGlobalIDString = C2B6A24019729ABD00643E96;
			remoteInfo = i3DAudio;
		};
/* End PBXContainerItemProxy section */

/* Begin PBXFileReference section */
		C2181ADB19781B7400B87E3E /* SourceData.swift */ = {isa = PBXFileReference; fileEncoding = 4; lastKnownFileType = sourcecode.swift; path = SourceData.swift; sourceTree = "<group>"; };
		C22008291977F9F700AA31D1 /* Images.xcassets */ = {isa = PBXFileReference; lastKnownFileType = folder.assetcatalog; path = Images.xcassets; sourceTree = "<group>"; };
		C2260A09197948D10063E832 /* audio_test.pd */ = {isa = PBXFileReference; fileEncoding = 4; lastKnownFileType = text; name = audio_test.pd; path = pd/audio_test.pd; sourceTree = "<group>"; };
		C252B1631979053800A386A4 /* SourceNodeHandler.swift */ = {isa = PBXFileReference; fileEncoding = 4; lastKnownFileType = sourcecode.swift; path = SourceNodeHandler.swift; sourceTree = "<group>"; };
		C252B2A51979206B00A386A4 /* AudioController.swift */ = {isa = PBXFileReference; fileEncoding = 4; lastKnownFileType = sourcecode.swift; path = AudioController.swift; sourceTree = "<group>"; };
		C252B2C81979235D00A386A4 /* i3DAudio-Bridging-Header.h */ = {isa = PBXFileReference; lastKnownFileType = sourcecode.c.h; path = "i3DAudio-Bridging-Header.h"; sourceTree = "<group>"; };
		C252B2CC197926C600A386A4 /* the_lord_has_spoken.wav */ = {isa = PBXFileReference; lastKnownFileType = audio.wav; name = the_lord_has_spoken.wav; path = ../../samples/the_lord_has_spoken.wav; sourceTree = "<group>"; };
		C252B59619792B3A00760AF1 /* libpd.xcodeproj */ = {isa = PBXFileReference; lastKnownFileType = "wrapper.pb-project"; name = libpd.xcodeproj; path = "pd-for-ios/libpd/libpd.xcodeproj"; sourceTree = "<group>"; };
		C252B5A619792B9F00760AF1 /* AudioToolbox.framework */ = {isa = PBXFileReference; lastKnownFileType = wrapper.framework; name = AudioToolbox.framework; path = System/Library/Frameworks/AudioToolbox.framework; sourceTree = SDKROOT; };
		C252B5A819792BA300760AF1 /* AVFoundation.framework */ = {isa = PBXFileReference; lastKnownFileType = wrapper.framework; name = AVFoundation.framework; path = System/Library/Frameworks/AVFoundation.framework; sourceTree = SDKROOT; };
		C2B0D5861977FB1B00C1AA94 /* SourceScene.sks */ = {isa = PBXFileReference; lastKnownFileType = file.sks; path = SourceScene.sks; sourceTree = "<group>"; };
		C2B6A24119729ABD00643E96 /* i3DAudio.app */ = {isa = PBXFileReference; explicitFileType = wrapper.application; includeInIndex = 0; path = i3DAudio.app; sourceTree = BUILT_PRODUCTS_DIR; };
		C2B6A24519729ABD00643E96 /* Info.plist */ = {isa = PBXFileReference; lastKnownFileType = text.plist.xml; path = Info.plist; sourceTree = "<group>"; };
		C2B6A24619729ABD00643E96 /* AppDelegate.swift */ = {isa = PBXFileReference; lastKnownFileType = sourcecode.swift; path = AppDelegate.swift; sourceTree = "<group>"; };
		C2B6A24A19729ABD00643E96 /* SourceScene.swift */ = {isa = PBXFileReference; lastKnownFileType = sourcecode.swift; path = SourceScene.swift; sourceTree = "<group>"; };
		C2B6A24C19729ABD00643E96 /* SourceViewController.swift */ = {isa = PBXFileReference; lastKnownFileType = sourcecode.swift; path = SourceViewController.swift; sourceTree = "<group>"; };
		C2B6A24F19729ABD00643E96 /* Base */ = {isa = PBXFileReference; lastKnownFileType = file.storyboard; name = Base; path = Base.lproj/Main.storyboard; sourceTree = "<group>"; };
		C2B6A25719729ABE00643E96 /* i3DAudioTests.xctest */ = {isa = PBXFileReference; explicitFileType = wrapper.cfbundle; includeInIndex = 0; path = i3DAudioTests.xctest; sourceTree = BUILT_PRODUCTS_DIR; };
		C2B6A25C19729ABE00643E96 /* Info.plist */ = {isa = PBXFileReference; lastKnownFileType = text.plist.xml; path = Info.plist; sourceTree = "<group>"; };
		C2B6A25D19729ABE00643E96 /* i3DAudioTests.swift */ = {isa = PBXFileReference; lastKnownFileType = sourcecode.swift; path = i3DAudioTests.swift; sourceTree = "<group>"; };
/* End PBXFileReference section */

/* Begin PBXFrameworksBuildPhase section */
		C2B6A23E19729ABD00643E96 /* Frameworks */ = {
			isa = PBXFrameworksBuildPhase;
			buildActionMask = 2147483647;
			files = (
				C2F7ED0C197BCCF1006CB0BC /* libpd-ios.a in Frameworks */,
				C252B5A919792BA300760AF1 /* AVFoundation.framework in Frameworks */,
				C252B5A719792B9F00760AF1 /* AudioToolbox.framework in Frameworks */,
			);
			runOnlyForDeploymentPostprocessing = 0;
		};
		C2B6A25419729ABE00643E96 /* Frameworks */ = {
			isa = PBXFrameworksBuildPhase;
			buildActionMask = 2147483647;
			files = (
			);
			runOnlyForDeploymentPostprocessing = 0;
		};
/* End PBXFrameworksBuildPhase section */

/* Begin PBXGroup section */
		C252B59719792B3A00760AF1 /* Products */ = {
			isa = PBXGroup;
			children = (
				C252B59C19792B3A00760AF1 /* libpd-ios.a */,
				C252B59E19792B3A00760AF1 /* libpd-osx.a */,
			);
			name = Products;
			sourceTree = "<group>";
		};
		C2B6A23819729ABD00643E96 = {
			isa = PBXGroup;
			children = (
				C252B5A819792BA300760AF1 /* AVFoundation.framework */,
				C252B5A619792B9F00760AF1 /* AudioToolbox.framework */,
				C252B59619792B3A00760AF1 /* libpd.xcodeproj */,
				C2B6A24319729ABD00643E96 /* i3DAudio */,
				C2B6A25A19729ABE00643E96 /* i3DAudioTests */,
				C2B6A24219729ABD00643E96 /* Products */,
			);
			sourceTree = "<group>";
		};
		C2B6A24219729ABD00643E96 /* Products */ = {
			isa = PBXGroup;
			children = (
				C2B6A24119729ABD00643E96 /* i3DAudio.app */,
				C2B6A25719729ABE00643E96 /* i3DAudioTests.xctest */,
			);
			name = Products;
			sourceTree = "<group>";
		};
		C2B6A24319729ABD00643E96 /* i3DAudio */ = {
			isa = PBXGroup;
			children = (
				C2B6A24619729ABD00643E96 /* AppDelegate.swift */,
				C2B0D5861977FB1B00C1AA94 /* SourceScene.sks */,
				C2181ADB19781B7400B87E3E /* SourceData.swift */,
				C252B1631979053800A386A4 /* SourceNodeHandler.swift */,
				C2B6A24A19729ABD00643E96 /* SourceScene.swift */,
				C252B2A51979206B00A386A4 /* AudioController.swift */,
				C2B6A24C19729ABD00643E96 /* SourceViewController.swift */,
				C2B6A24E19729ABD00643E96 /* Main.storyboard */,
				C22008291977F9F700AA31D1 /* Images.xcassets */,
				C2B6A24419729ABD00643E96 /* Supporting Files */,
				C252B2C81979235D00A386A4 /* i3DAudio-Bridging-Header.h */,
			);
			path = i3DAudio;
			sourceTree = "<group>";
		};
		C2B6A24419729ABD00643E96 /* Supporting Files */ = {
			isa = PBXGroup;
			children = (
				C2260A09197948D10063E832 /* audio_test.pd */,
				C252B2CC197926C600A386A4 /* the_lord_has_spoken.wav */,
				C2B6A24519729ABD00643E96 /* Info.plist */,
			);
			name = "Supporting Files";
			sourceTree = "<group>";
		};
		C2B6A25A19729ABE00643E96 /* i3DAudioTests */ = {
			isa = PBXGroup;
			children = (
				C2B6A25D19729ABE00643E96 /* i3DAudioTests.swift */,
				C2B6A25B19729ABE00643E96 /* Supporting Files */,
			);
			path = i3DAudioTests;
			sourceTree = "<group>";
		};
		C2B6A25B19729ABE00643E96 /* Supporting Files */ = {
			isa = PBXGroup;
			children = (
				C2B6A25C19729ABE00643E96 /* Info.plist */,
			);
			name = "Supporting Files";
			sourceTree = "<group>";
		};
/* End PBXGroup section */

/* Begin PBXNativeTarget section */
		C2B6A24019729ABD00643E96 /* i3DAudio */ = {
			isa = PBXNativeTarget;
			buildConfigurationList = C2B6A26119729ABE00643E96 /* Build configuration list for PBXNativeTarget "i3DAudio" */;
			buildPhases = (
				C2B6A23D19729ABD00643E96 /* Sources */,
				C2B6A23E19729ABD00643E96 /* Frameworks */,
				C2B6A23F19729ABD00643E96 /* Resources */,
			);
			buildRules = (
			);
			dependencies = (
				C252B5A019792B4100760AF1 /* PBXTargetDependency */,
			);
			name = i3DAudio;
			productName = i3DAudio;
			productReference = C2B6A24119729ABD00643E96 /* i3DAudio.app */;
			productType = "com.apple.product-type.application";
		};
		C2B6A25619729ABE00643E96 /* i3DAudioTests */ = {
			isa = PBXNativeTarget;
			buildConfigurationList = C2B6A26419729ABE00643E96 /* Build configuration list for PBXNativeTarget "i3DAudioTests" */;
			buildPhases = (
				C2B6A25319729ABE00643E96 /* Sources */,
				C2B6A25419729ABE00643E96 /* Frameworks */,
				C2B6A25519729ABE00643E96 /* Resources */,
			);
			buildRules = (
			);
			dependencies = (
				C2B6A25919729ABE00643E96 /* PBXTargetDependency */,
			);
			name = i3DAudioTests;
			productName = i3DAudioTests;
			productReference = C2B6A25719729ABE00643E96 /* i3DAudioTests.xctest */;
			productType = "com.apple.product-type.bundle.unit-test";
		};
/* End PBXNativeTarget section */

/* Begin PBXProject section */
		C2B6A23919729ABD00643E96 /* Project object */ = {
			isa = PBXProject;
			attributes = {
				LastUpgradeCheck = 0600;
				ORGANIZATIONNAME = MORZorg;
				TargetAttributes = {
					C2B6A24019729ABD00643E96 = {
						CreatedOnToolsVersion = 6.0;
					};
					C2B6A25619729ABE00643E96 = {
						CreatedOnToolsVersion = 6.0;
						TestTargetID = C2B6A24019729ABD00643E96;
					};
				};
			};
			buildConfigurationList = C2B6A23C19729ABD00643E96 /* Build configuration list for PBXProject "i3DAudio" */;
			compatibilityVersion = "Xcode 3.2";
			developmentRegion = English;
			hasScannedForEncodings = 0;
			knownRegions = (
				en,
				Base,
			);
			mainGroup = C2B6A23819729ABD00643E96;
			productRefGroup = C2B6A24219729ABD00643E96 /* Products */;
			projectDirPath = "";
			projectReferences = (
				{
					ProductGroup = C252B59719792B3A00760AF1 /* Products */;
					ProjectRef = C252B59619792B3A00760AF1 /* libpd.xcodeproj */;
				},
			);
			projectRoot = "";
			targets = (
				C2B6A24019729ABD00643E96 /* i3DAudio */,
				C2B6A25619729ABE00643E96 /* i3DAudioTests */,
			);
		};
/* End PBXProject section */

/* Begin PBXReferenceProxy section */
		C252B59C19792B3A00760AF1 /* libpd-ios.a */ = {
			isa = PBXReferenceProxy;
			fileType = archive.ar;
			path = "libpd-ios.a";
			remoteRef = C252B59B19792B3A00760AF1 /* PBXContainerItemProxy */;
			sourceTree = BUILT_PRODUCTS_DIR;
		};
		C252B59E19792B3A00760AF1 /* libpd-osx.a */ = {
			isa = PBXReferenceProxy;
			fileType = archive.ar;
			path = "libpd-osx.a";
			remoteRef = C252B59D19792B3A00760AF1 /* PBXContainerItemProxy */;
			sourceTree = BUILT_PRODUCTS_DIR;
		};
/* End PBXReferenceProxy section */

/* Begin PBXResourcesBuildPhase section */
		C2B6A23F19729ABD00643E96 /* Resources */ = {
			isa = PBXResourcesBuildPhase;
			buildActionMask = 2147483647;
			files = (
				C2260A0A197948D10063E832 /* audio_test.pd in Resources */,
				C252B2CD197926C600A386A4 /* the_lord_has_spoken.wav in Resources */,
				C220082A1977F9F700AA31D1 /* Images.xcassets in Resources */,
				C2B0D5871977FB1B00C1AA94 /* SourceScene.sks in Resources */,
				C2B6A25019729ABD00643E96 /* Main.storyboard in Resources */,
			);
			runOnlyForDeploymentPostprocessing = 0;
		};
		C2B6A25519729ABE00643E96 /* Resources */ = {
			isa = PBXResourcesBuildPhase;
			buildActionMask = 2147483647;
			files = (
			);
			runOnlyForDeploymentPostprocessing = 0;
		};
/* End PBXResourcesBuildPhase section */

/* Begin PBXSourcesBuildPhase section */
		C2B6A23D19729ABD00643E96 /* Sources */ = {
			isa = PBXSourcesBuildPhase;
			buildActionMask = 2147483647;
			files = (
				C2B6A24B19729ABD00643E96 /* SourceScene.swift in Sources */,
				C252B1641979053800A386A4 /* SourceNodeHandler.swift in Sources */,
				C2B6A24D19729ABD00643E96 /* SourceViewController.swift in Sources */,
				C2181ADC19781B7400B87E3E /* SourceData.swift in Sources */,
				C252B2A61979206B00A386A4 /* AudioController.swift in Sources */,
				C2B6A24719729ABD00643E96 /* AppDelegate.swift in Sources */,
			);
			runOnlyForDeploymentPostprocessing = 0;
		};
		C2B6A25319729ABE00643E96 /* Sources */ = {
			isa = PBXSourcesBuildPhase;
			buildActionMask = 2147483647;
			files = (
				C2B6A25E19729ABE00643E96 /* i3DAudioTests.swift in Sources */,
			);
			runOnlyForDeploymentPostprocessing = 0;
		};
/* End PBXSourcesBuildPhase section */

/* Begin PBXTargetDependency section */
		C252B5A019792B4100760AF1 /* PBXTargetDependency */ = {
			isa = PBXTargetDependency;
			name = "libpd-ios";
			targetProxy = C252B59F19792B4100760AF1 /* PBXContainerItemProxy */;
		};
		C2B6A25919729ABE00643E96 /* PBXTargetDependency */ = {
			isa = PBXTargetDependency;
			target = C2B6A24019729ABD00643E96 /* i3DAudio */;
			targetProxy = C2B6A25819729ABE00643E96 /* PBXContainerItemProxy */;
		};
/* End PBXTargetDependency section */

/* Begin PBXVariantGroup section */
		C2B6A24E19729ABD00643E96 /* Main.storyboard */ = {
			isa = PBXVariantGroup;
			children = (
				C2B6A24F19729ABD00643E96 /* Base */,
			);
			name = Main.storyboard;
			sourceTree = "<group>";
		};
/* End PBXVariantGroup section */

/* Begin XCBuildConfiguration section */
		C2B6A25F19729ABE00643E96 /* Debug */ = {
			isa = XCBuildConfiguration;
			buildSettings = {
				ALWAYS_SEARCH_USER_PATHS = NO;
				CLANG_CXX_LANGUAGE_STANDARD = "gnu++0x";
				CLANG_CXX_LIBRARY = "libc++";
				CLANG_ENABLE_MODULES = YES;
				CLANG_ENABLE_OBJC_ARC = YES;
				CLANG_WARN_BOOL_CONVERSION = YES;
				CLANG_WARN_CONSTANT_CONVERSION = YES;
				CLANG_WARN_DIRECT_OBJC_ISA_USAGE = YES_ERROR;
				CLANG_WARN_EMPTY_BODY = YES;
				CLANG_WARN_ENUM_CONVERSION = YES;
				CLANG_WARN_INT_CONVERSION = YES;
				CLANG_WARN_OBJC_ROOT_CLASS = YES_ERROR;
				CLANG_WARN_UNREACHABLE_CODE = YES;
				CLANG_WARN__DUPLICATE_METHOD_MATCH = YES;
				"CODE_SIGN_IDENTITY[sdk=iphoneos*]" = "iPhone Developer";
				COPY_PHASE_STRIP = NO;
				ENABLE_STRICT_OBJC_MSGSEND = YES;
				GCC_C_LANGUAGE_STANDARD = gnu99;
				GCC_DYNAMIC_NO_PIC = NO;
				GCC_OPTIMIZATION_LEVEL = 0;
				GCC_PREPROCESSOR_DEFINITIONS = (
					"DEBUG=1",
					"$(inherited)",
				);
				GCC_SYMBOLS_PRIVATE_EXTERN = NO;
				GCC_WARN_64_TO_32_BIT_CONVERSION = YES;
				GCC_WARN_ABOUT_RETURN_TYPE = YES_ERROR;
				GCC_WARN_UNDECLARED_SELECTOR = YES;
				GCC_WARN_UNINITIALIZED_AUTOS = YES_AGGRESSIVE;
				GCC_WARN_UNUSED_FUNCTION = YES;
				GCC_WARN_UNUSED_VARIABLE = YES;
				IPHONEOS_DEPLOYMENT_TARGET = 8.0;
				MTL_ENABLE_DEBUG_INFO = YES;
				ONLY_ACTIVE_ARCH = YES;
				SDKROOT = iphoneos;
				SWIFT_OPTIMIZATION_LEVEL = "-Onone";
				TARGETED_DEVICE_FAMILY = 2;
			};
			name = Debug;
		};
		C2B6A26019729ABE00643E96 /* Release */ = {
			isa = XCBuildConfiguration;
			buildSettings = {
				ALWAYS_SEARCH_USER_PATHS = NO;
				CLANG_CXX_LANGUAGE_STANDARD = "gnu++0x";
				CLANG_CXX_LIBRARY = "libc++";
				CLANG_ENABLE_MODULES = YES;
				CLANG_ENABLE_OBJC_ARC = YES;
				CLANG_WARN_BOOL_CONVERSION = YES;
				CLANG_WARN_CONSTANT_CONVERSION = YES;
				CLANG_WARN_DIRECT_OBJC_ISA_USAGE = YES_ERROR;
				CLANG_WARN_EMPTY_BODY = YES;
				CLANG_WARN_ENUM_CONVERSION = YES;
				CLANG_WARN_INT_CONVERSION = YES;
				CLANG_WARN_OBJC_ROOT_CLASS = YES_ERROR;
				CLANG_WARN_UNREACHABLE_CODE = YES;
				CLANG_WARN__DUPLICATE_METHOD_MATCH = YES;
				"CODE_SIGN_IDENTITY[sdk=iphoneos*]" = "iPhone Developer";
				COPY_PHASE_STRIP = YES;
				ENABLE_NS_ASSERTIONS = NO;
				ENABLE_STRICT_OBJC_MSGSEND = YES;
				GCC_C_LANGUAGE_STANDARD = gnu99;
				GCC_WARN_64_TO_32_BIT_CONVERSION = YES;
				GCC_WARN_ABOUT_RETURN_TYPE = YES_ERROR;
				GCC_WARN_UNDECLARED_SELECTOR = YES;
				GCC_WARN_UNINITIALIZED_AUTOS = YES_AGGRESSIVE;
				GCC_WARN_UNUSED_FUNCTION = YES;
				GCC_WARN_UNUSED_VARIABLE = YES;
				IPHONEOS_DEPLOYMENT_TARGET = 8.0;
				MTL_ENABLE_DEBUG_INFO = NO;
				SDKROOT = iphoneos;
				TARGETED_DEVICE_FAMILY = 2;
				VALIDATE_PRODUCT = YES;
			};
			name = Release;
		};
		C2B6A26219729ABE00643E96 /* Debug */ = {
			isa = XCBuildConfiguration;
			buildSettings = {
				ALWAYS_SEARCH_USER_PATHS = YES;
				ASSETCATALOG_COMPILER_APPICON_NAME = AppIcon;
				ASSETCATALOG_COMPILER_LAUNCHIMAGE_NAME = LaunchImage;
				CLANG_ENABLE_MODULES = YES;
				INFOPLIST_FILE = i3DAudio/Info.plist;
				LD_RUNPATH_SEARCH_PATHS = "$(inherited) @executable_path/Frameworks";
				PRODUCT_NAME = "$(TARGET_NAME)";
				SWIFT_OBJC_BRIDGING_HEADER = "i3DAudio/i3DAudio-Bridging-Header.h";
				SWIFT_OPTIMIZATION_LEVEL = "-Onone";
				TARGETED_DEVICE_FAMILY = "1,2";
				USER_HEADER_SEARCH_PATHS = "pd-for-ios/libpd/objc/**";
			};
			name = Debug;
		};
		C2B6A26319729ABE00643E96 /* Release */ = {
			isa = XCBuildConfiguration;
			buildSettings = {
				ALWAYS_SEARCH_USER_PATHS = YES;
				ASSETCATALOG_COMPILER_APPICON_NAME = AppIcon;
				ASSETCATALOG_COMPILER_LAUNCHIMAGE_NAME = LaunchImage;
				CLANG_ENABLE_MODULES = YES;
				INFOPLIST_FILE = i3DAudio/Info.plist;
				LD_RUNPATH_SEARCH_PATHS = "$(inherited) @executable_path/Frameworks";
				PRODUCT_NAME = "$(TARGET_NAME)";
				SWIFT_OBJC_BRIDGING_HEADER = "i3DAudio/i3DAudio-Bridging-Header.h";
				TARGETED_DEVICE_FAMILY = "1,2";
				USER_HEADER_SEARCH_PATHS = "pd-for-ios/libpd/objc/**";
			};
			name = Release;
		};
		C2B6A26519729ABE00643E96 /* Debug */ = {
			isa = XCBuildConfiguration;
			buildSettings = {
				BUNDLE_LOADER = "$(BUILT_PRODUCTS_DIR)/i3DAudio.app/i3DAudio";
				FRAMEWORK_SEARCH_PATHS = (
					"$(SDKROOT)/Developer/Library/Frameworks",
					"$(inherited)",
				);
				GCC_PREPROCESSOR_DEFINITIONS = (
					"DEBUG=1",
					"$(inherited)",
				);
				INFOPLIST_FILE = i3DAudioTests/Info.plist;
				LD_RUNPATH_SEARCH_PATHS = "$(inherited) @executable_path/Frameworks @loader_path/Frameworks";
				PRODUCT_NAME = "$(TARGET_NAME)";
				TEST_HOST = "$(BUNDLE_LOADER)";
			};
			name = Debug;
		};
		C2B6A26619729ABE00643E96 /* Release */ = {
			isa = XCBuildConfiguration;
			buildSettings = {
				BUNDLE_LOADER = "$(BUILT_PRODUCTS_DIR)/i3DAudio.app/i3DAudio";
				FRAMEWORK_SEARCH_PATHS = (
					"$(SDKROOT)/Developer/Library/Frameworks",
					"$(inherited)",
				);
				INFOPLIST_FILE = i3DAudioTests/Info.plist;
				LD_RUNPATH_SEARCH_PATHS = "$(inherited) @executable_path/Frameworks @loader_path/Frameworks";
				PRODUCT_NAME = "$(TARGET_NAME)";
				TEST_HOST = "$(BUNDLE_LOADER)";
			};
			name = Release;
		};
/* End XCBuildConfiguration section */

/* Begin XCConfigurationList section */
		C2B6A23C19729ABD00643E96 /* Build configuration list for PBXProject "i3DAudio" */ = {
			isa = XCConfigurationList;
			buildConfigurations = (
				C2B6A25F19729ABE00643E96 /* Debug */,
				C2B6A26019729ABE00643E96 /* Release */,
			);
			defaultConfigurationIsVisible = 0;
			defaultConfigurationName = Release;
		};
		C2B6A26119729ABE00643E96 /* Build configuration list for PBXNativeTarget "i3DAudio" */ = {
			isa = XCConfigurationList;
			buildConfigurations = (
				C2B6A26219729ABE00643E96 /* Debug */,
				C2B6A26319729ABE00643E96 /* Release */,
			);
			defaultConfigurationIsVisible = 0;
			defaultConfigurationName = Release;
		};
		C2B6A26419729ABE00643E96 /* Build configuration list for PBXNativeTarget "i3DAudioTests" */ = {
			isa = XCConfigurationList;
			buildConfigurations = (
				C2B6A26519729ABE00643E96 /* Debug */,
				C2B6A26619729ABE00643E96 /* Release */,
			);
			defaultConfigurationIsVisible = 0;
			defaultConfigurationName = Release;
		};
/* End XCConfigurationList section */
	};
	rootObject = C2B6A23919729ABD00643E96 /* Project object */;
}
